
Microsoft Visual Studio Solution File, Format Version 12.00
# Visual Studio Express 2013 for Web
VisualStudioVersion = 12.0.30723.0
MinimumVisualStudioVersion = 10.0.40219.1
Project("{FAE04EC0-301F-11D3-BF4B-00C04F79EFBC}") = "AccountTraker.Web", "AccountTraker.Web\AccountTraker.Web.csproj", "{81BBD933-BF28-4858-99CB-28E7CF9FCD44}"
EndProject
Project("{FAE04EC0-301F-11D3-BF4B-00C04F79EFBC}") = "AccountTraker.Data", "AccountTraker.Data\AccountTraker.Data.csproj", "{3A6A643E-56A6-461F-AA97-C31C695EA9B4}"
EndProject
Project("{FAE04EC0-301F-11D3-BF4B-00C04F79EFBC}") = "AccountTraker.Models", "AccountTraker.Models\AccountTraker.Models.csproj", "{2ABB42E8-5244-488E-9632-CC139AFC6BA3}"
EndProject
Global
	GlobalSection(SolutionConfigurationPlatforms) = preSolution
		Debug|Any CPU = Debug|Any CPU
		Release|Any CPU = Release|Any CPU
	EndGlobalSection
	GlobalSection(ProjectConfigurationPlatforms) = postSolution
		{81BBD933-BF28-4858-99CB-28E7CF9FCD44}.Debug|Any CPU.ActiveCfg = Debug|Any CPU
		{81BBD933-BF28-4858-99CB-28E7CF9FCD44}.Debug|Any CPU.Build.0 = Debug|Any CPU
		{81BBD933-BF28-4858-99CB-28E7CF9FCD44}.Release|Any CPU.ActiveCfg = Release|Any CPU
		{81BBD933-BF28-4858-99CB-28E7CF9FCD44}.Release|Any CPU.Build.0 = Release|Any CPU
		{3A6A643E-56A6-461F-AA97-C31C695EA9B4}.Debug|Any CPU.ActiveCfg = Debug|Any CPU
		{3A6A643E-56A6-461F-AA97-C31C695EA9B4}.Debug|Any CPU.Build.0 = Debug|Any CPU
		{3A6A643E-56A6-461F-AA97-C31C695EA9B4}.Release|Any CPU.ActiveCfg = Release|Any CPU
		{3A6A643E-56A6-461F-AA97-C31C695EA9B4}.Release|Any CPU.Build.0 = Release|Any CPU
		{2ABB42E8-5244-488E-9632-CC139AFC6BA3}.Debug|Any CPU.ActiveCfg = Debug|Any CPU
		{2ABB42E8-5244-488E-9632-CC139AFC6BA3}.Debug|Any CPU.Build.0 = Debug|Any CPU
		{2ABB42E8-5244-488E-9632-CC139AFC6BA3}.Release|Any CPU.ActiveCfg = Release|Any CPU
		{2ABB42E8-5244-488E-9632-CC139AFC6BA3}.Release|Any CPU.Build.0 = Release|Any CPU
	EndGlobalSection
	GlobalSection(SolutionProperties) = preSolution
		HideSolutionNode = FALSE
	EndGlobalSection
EndGlobal
